
Microsoft Visual Studio Solution File, Format Version 12.00
# Visual Studio 15
VisualStudioVersion = 15.0.27703.2018
MinimumVisualStudioVersion = 10.0.40219.1
Project("{FAE04EC0-301F-11D3-BF4B-00C04F79EFBC}") = "HanimeliManti.WebApp", "HanimeliManti.WebApp\HanimeliManti.WebApp.csproj", "{416E8C44-A7CD-4C6C-89E6-F1A9920AE467}"
EndProject
Project("{FAE04EC0-301F-11D3-BF4B-00C04F79EFBC}") = "HanimeliManti.BusinessLayer", "HanimeliManti.BusinessLayer\HanimeliManti.BusinessLayer.csproj", "{A6EA0991-1D9E-411B-9C88-83A5DE86E280}"
EndProject
Project("{FAE04EC0-301F-11D3-BF4B-00C04F79EFBC}") = "HanimeliManti.DataAccessLayer", "HanimeliManti.DataAccessLayer\HanimeliManti.DataAccessLayer.csproj", "{284EA0F8-F312-473F-BE44-302716D8CFE6}"
EndProject
Project("{FAE04EC0-301F-11D3-BF4B-00C04F79EFBC}") = "HanimeliManti.Entities", "HanimeliManti.Entities\HanimeliManti.Entities.csproj", "{71F64408-DEBA-45E6-99CE-0A06F4074967}"
EndProject
Project("{FAE04EC0-301F-11D3-BF4B-00C04F79EFBC}") = "HanimeliManti.Common", "HanimeliManti.Common\HanimeliManti.Common.csproj", "{8E0CD9C6-30C4-4AAD-BDA8-572F28407266}"
EndProject
Project("{FAE04EC0-301F-11D3-BF4B-00C04F79EFBC}") = "HanimeliManti.Core", "HanimeliManti.Core\HanimeliManti.Core.csproj", "{C1DB3546-1730-4EDE-93A8-B1C93774815E}"
EndProject
Global
	GlobalSection(SolutionConfigurationPlatforms) = preSolution
		Debug|Any CPU = Debug|Any CPU
		Release|Any CPU = Release|Any CPU
	EndGlobalSection
	GlobalSection(ProjectConfigurationPlatforms) = postSolution
		{416E8C44-A7CD-4C6C-89E6-F1A9920AE467}.Debug|Any CPU.ActiveCfg = Debug|Any CPU
		{416E8C44-A7CD-4C6C-89E6-F1A9920AE467}.Debug|Any CPU.Build.0 = Debug|Any CPU
		{416E8C44-A7CD-4C6C-89E6-F1A9920AE467}.Release|Any CPU.ActiveCfg = Release|Any CPU
		{416E8C44-A7CD-4C6C-89E6-F1A9920AE467}.Release|Any CPU.Build.0 = Release|Any CPU
		{A6EA0991-1D9E-411B-9C88-83A5DE86E280}.Debug|Any CPU.ActiveCfg = Debug|Any CPU
		{A6EA0991-1D9E-411B-9C88-83A5DE86E280}.Debug|Any CPU.Build.0 = Debug|Any CPU
		{A6EA0991-1D9E-411B-9C88-83A5DE86E280}.Release|Any CPU.ActiveCfg = Release|Any CPU
		{A6EA0991-1D9E-411B-9C88-83A5DE86E280}.Release|Any CPU.Build.0 = Release|Any CPU
		{284EA0F8-F312-473F-BE44-302716D8CFE6}.Debug|Any CPU.ActiveCfg = Debug|Any CPU
		{284EA0F8-F312-473F-BE44-302716D8CFE6}.Debug|Any CPU.Build.0 = Debug|Any CPU
		{284EA0F8-F312-473F-BE44-302716D8CFE6}.Release|Any CPU.ActiveCfg = Release|Any CPU
		{284EA0F8-F312-473F-BE44-302716D8CFE6}.Release|Any CPU.Build.0 = Release|Any CPU
		{71F64408-DEBA-45E6-99CE-0A06F4074967}.Debug|Any CPU.ActiveCfg = Debug|Any CPU
		{71F64408-DEBA-45E6-99CE-0A06F4074967}.Debug|Any CPU.Build.0 = Debug|Any CPU
		{71F64408-DEBA-45E6-99CE-0A06F4074967}.Release|Any CPU.ActiveCfg = Release|Any CPU
		{71F64408-DEBA-45E6-99CE-0A06F4074967}.Release|Any CPU.Build.0 = Release|Any CPU
		{8E0CD9C6-30C4-4AAD-BDA8-572F28407266}.Debug|Any CPU.ActiveCfg = Debug|Any CPU
		{8E0CD9C6-30C4-4AAD-BDA8-572F28407266}.Debug|Any CPU.Build.0 = Debug|Any CPU
		{8E0CD9C6-30C4-4AAD-BDA8-572F28407266}.Release|Any CPU.ActiveCfg = Release|Any CPU
		{8E0CD9C6-30C4-4AAD-BDA8-572F28407266}.Release|Any CPU.Build.0 = Release|Any CPU
		{C1DB3546-1730-4EDE-93A8-B1C93774815E}.Debug|Any CPU.ActiveCfg = Debug|Any CPU
		{C1DB3546-1730-4EDE-93A8-B1C93774815E}.Debug|Any CPU.Build.0 = Debug|Any CPU
		{C1DB3546-1730-4EDE-93A8-B1C93774815E}.Release|Any CPU.ActiveCfg = Release|Any CPU
		{C1DB3546-1730-4EDE-93A8-B1C93774815E}.Release|Any CPU.Build.0 = Release|Any CPU
	EndGlobalSection
	GlobalSection(SolutionProperties) = preSolution
		HideSolutionNode = FALSE
	EndGlobalSection
	GlobalSection(ExtensibilityGlobals) = postSolution
		SolutionGuid = {8846201F-48C4-4032-9CFA-69DC3BEA4F5D}
	EndGlobalSection
EndGlobal
